{
    "name": "@kdco/opencode-worktree",
    "version": "1.0.0",
    "lockfileVersion": 3,
    "requires": true,
    "packages": {
        "": {
            "name": "@kdco/opencode-worktree",
            "version": "1.0.0",
            "license": "MIT",
            "dependencies": {
                "@opencode-ai/sdk": "^1.3.2",
                "jsonc-parser": "^3.3.1",
                "zod": "^4.3.6"
            },
            "devDependencies": {
                "@opencode-ai/plugin": "^1.3.2",
                "@types/bun": "^1.3.11",
                "@types/node": "^25.5.0",
                "typescript": "^6.0.2"
            },
            "peerDependencies": {
                "@opencode-ai/plugin": ">=0.13.7"
            }
        },
        "node_modules/@opencode-ai/plugin": {
            "version": "1.3.10",
            "resolved": "https://registry.npmjs.org/@opencode-ai/plugin/-/plugin-1.3.10.tgz",
            "integrity": "sha512-q6VgqOXFx2NGdAsgVQQaZGm9EqHOd7ivJyompgnfB7WfoBMWoutSkJ7D+YB6lHQWFXiopLSqdbzt1TpYJMo2lg==",
            "dev": true,
            "dependencies": {
                "@opencode-ai/sdk": "1.3.10",
                "zod": "4.1.8"
            },
            "peerDependencies": {
                "@opentui/core": ">=0.1.92",
                "@opentui/solid": ">=0.1.92"
            },
            "peerDependenciesMeta": {
                "@opentui/core": {
                    "optional": true
                },
                "@opentui/solid": {
                    "optional": true
                }
            }
        },
        "node_modules/@opencode-ai/plugin/node_modules/zod": {
            "version": "4.1.8",
            "resolved": "https://registry.npmjs.org/zod/-/zod-4.1.8.tgz",
            "integrity": "sha512-5R1P+WwQqmmMIEACyzSvo4JXHY5WiAFHRMg+zBZKgKS+Q1viRa0C1hmUKtHltoIFKtIdki3pRxkmpP74jnNYHQ==",
            "dev": true,
            "funding": {
                "url": "https://github.com/sponsors/colinhacks"
            }
        },
        "node_modules/@opencode-ai/sdk": {
            "version": "1.3.10",
            "resolved": "https://registry.npmjs.org/@opencode-ai/sdk/-/sdk-1.3.10.tgz",
            "integrity": "sha512-qDeTgCon4HXDw1U6SAfrGndbP3DXVd5QEbDPzFcIueO42Vws02az2rctJG4dvkHxLAGcKfj6ZpNr4NHEjYtuYA=="
        },
        "node_modules/@types/bun": {
            "version": "1.3.11",
            "resolved": "https://registry.npmjs.org/@types/bun/-/bun-1.3.11.tgz",
            "integrity": "sha512-5vPne5QvtpjGpsGYXiFyycfpDF2ECyPcTSsFBMa0fraoxiQyMJ3SmuQIGhzPg2WJuWxVBoxWJ2kClYTcw/4fAg==",
            "dev": true,
            "dependencies": {
                "bun-types": "1.3.11"
            }
        },
        "node_modules/@types/node": {
            "version": "25.5.0",
            "resolved": "https://registry.npmjs.org/@types/node/-/node-25.5.0.tgz",
            "integrity": "sha512-jp2P3tQMSxWugkCUKLRPVUpGaL5MVFwF8RDuSRztfwgN1wmqJeMSbKlnEtQqU8UrhTmzEmZdu2I6v2dpp7XIxw==",
            "dev": true,
            "dependencies": {
                "undici-types": "~7.18.0"
            }
        },
        "node_modules/bun-types": {
            "version": "1.3.11",
            "resolved": "https://registry.npmjs.org/bun-types/-/bun-types-1.3.11.tgz",
            "integrity": "sha512-1KGPpoxQWl9f6wcZh57LvrPIInQMn2TQ7jsgxqpRzg+l0QPOFvJVH7HmvHo/AiPgwXy+/Thf6Ov3EdVn1vOabg==",
            "dev": true,
            "dependencies": {
                "@types/node": "*"
            }
        },
        "node_modules/jsonc-parser": {
            "version": "3.3.1",
            "resolved": "https://registry.npmjs.org/jsonc-parser/-/jsonc-parser-3.3.1.tgz",
            "integrity": "sha512-HUgH65KyejrUFPvHFPbqOY0rsFip3Bo5wb4ngvdi1EpCYWUQDC5V+Y7mZws+DLkr4M//zQJoanu1SP+87Dv1oQ=="
        },
        "node_modules/typescript": {
            "version": "6.0.2",
            "resolved": "https://registry.npmjs.org/typescript/-/typescript-6.0.2.tgz",
            "integrity": "sha512-bGdAIrZ0wiGDo5l8c++HWtbaNCWTS4UTv7RaTH/ThVIgjkveJt83m74bBHMJkuCbslY8ixgLBVZJIOiQlQTjfQ==",
            "dev": true,
            "bin": {
                "tsc": "bin/tsc",
                "tsserver": "bin/tsserver"
            },
            "engines": {
                "node": ">=14.17"
            }
        },
        "node_modules/undici-types": {
            "version": "7.18.2",
            "resolved": "https://registry.npmjs.org/undici-types/-/undici-types-7.18.2.tgz",
            "integrity": "sha512-AsuCzffGHJybSaRrmr5eHr81mwJU3kjw6M+uprWvCXiNeN9SOGwQ3Jn8jb8m3Z6izVgknn1R0FTCEAP2QrLY/w==",
            "dev": true
        },
        "node_modules/zod": {
            "version": "4.3.6",
            "resolved": "https://registry.npmjs.org/zod/-/zod-4.3.6.tgz",
            "integrity": "sha512-rftlrkhHZOcjDwkGlnUtZZkvaPHCsDATp4pGpuOOMDaTdDDXF91wuVDJoWoPsKX/3YPQ5fHuF3STjcYyKr+Qhg==",
            "funding": {
                "url": "https://github.com/sponsors/colinhacks"
            }
        }
    }
}
